{
  "version": 4,
  "terraform_version": "1.4.6",
  "serial": 63,
  "lineage": "5e3cd0fd-753e-d41e-5652-f22aba15ec91",
  "outputs": {
    "lambda_function_arn": {
      "value": "arn:aws:lambda:us-east-1:973172869961:function:podcast-fetcher",
      "type": "string"
    },
    "lambda_function_name": {
      "value": "podcast-fetcher",
      "type": "string"
    }
  },
  "resources": [
    {
      "mode": "data",
      "type": "archive_file",
      "name": "lambda_zip",
      "provider": "provider[\"registry.terraform.io/hashicorp/archive\"]",
      "instances": [
        {
          "schema_version": 0,
          "attributes": {
            "exclude_symlink_directories": null,
            "excludes": [
              "*.dist-info",
              "*.egg-info",
              "*.pyc",
              "__pycache__"
            ],
            "id": "1aabd814b7d5724339ecf9db572e9cdde0fa5a76",
            "output_base64sha256": "eZmmLj3WplkCiPvG8dEp0WCyzgD/QzE9UFDalrj+/Ew=",
            "output_base64sha512": "d2Rl4FBKwif5/eXEf3Llxc4gjrc81Knu4EGl13BEFHlYzHpnyq+QXyzDArNvNmyJsvnf2zVui3EOmwIYbKcn/g==",
            "output_file_mode": null,
            "output_md5": "c23d064986eb39b18714ad5ccc488466",
            "output_path": "./lambda_function.zip",
            "output_sha": "1aabd814b7d5724339ecf9db572e9cdde0fa5a76",
            "output_sha256": "7999a62e3dd6a6590288fbc6f1d129d160b2ce00ff43313d5050da96b8fefc4c",
            "output_sha512": "776465e0504ac227f9fde5c47f72e5c5ce208eb73cd4a9eee041a5d77044147958cc7a67caaf905f2cc302b36f366c89b2f9dfdb356e8b710e9b02186ca727fe",
            "output_size": 20334507,
            "source": [],
            "source_content": null,
            "source_content_filename": null,
            "source_dir": "./.lambda_build",
            "source_file": null,
            "type": "zip"
          },
          "sensitive_attributes": []
        }
      ]
    },
    {
      "mode": "managed",
      "type": "aws_cloudwatch_event_rule",
      "name": "hourly_schedule",
      "provider": "provider[\"registry.terraform.io/hashicorp/aws\"]",
      "instances": [
        {
          "schema_version": 1,
          "attributes": {
            "arn": "arn:aws:events:us-east-1:973172869961:rule/podcast-fetcher-hourly",
            "description": "Trigger podcast fetcher Lambda every hour",
            "event_bus_name": "default",
            "event_pattern": null,
            "force_destroy": false,
            "id": "podcast-fetcher-hourly",
            "is_enabled": true,
            "name": "podcast-fetcher-hourly",
            "name_prefix": "",
            "region": "us-east-1",
            "role_arn": "",
            "schedule_expression": "rate(1 hour)",
            "state": "ENABLED",
            "tags": {},
            "tags_all": {}
          },
          "sensitive_attributes": [],
          "private": "eyJzY2hlbWFfdmVyc2lvbiI6IjEifQ=="
        }
      ]
    },
    {
      "mode": "managed",
      "type": "aws_cloudwatch_event_target",
      "name": "lambda_target",
      "provider": "provider[\"registry.terraform.io/hashicorp/aws\"]",
      "instances": [
        {
          "schema_version": 1,
          "attributes": {
            "appsync_target": [],
            "arn": "arn:aws:lambda:us-east-1:973172869961:function:podcast-fetcher",
            "batch_target": [],
            "dead_letter_config": [],
            "ecs_target": [],
            "event_bus_name": "default",
            "force_destroy": false,
            "http_target": [],
            "id": "podcast-fetcher-hourly-lambda-target",
            "input": "",
            "input_path": "",
            "input_transformer": [],
            "kinesis_target": [],
            "redshift_target": [],
            "region": "us-east-1",
            "retry_policy": [],
            "role_arn": "",
            "rule": "podcast-fetcher-hourly",
            "run_command_targets": [],
            "sagemaker_pipeline_target": [],
            "sqs_target": [],
            "target_id": "lambda-target"
          },
          "sensitive_attributes": [],
          "private": "eyJzY2hlbWFfdmVyc2lvbiI6IjEifQ==",
          "dependencies": [
            "aws_cloudwatch_event_rule.hourly_schedule",
            "aws_iam_role.lambda_exec",
            "aws_lambda_function.podcast_fetcher",
            "data.archive_file.lambda_zip",
            "null_resource.prepare_lambda_package"
          ]
        }
      ]
    },
    {
      "mode": "managed",
      "type": "aws_iam_policy",
      "name": "lambda_policy",
      "provider": "provider[\"registry.terraform.io/hashicorp/aws\"]",
      "instances": [
        {
          "schema_version": 0,
          "attributes": {
            "arn": "arn:aws:iam::973172869961:policy/podcast-fetcher-lambda-policy",
            "attachment_count": 1,
            "description": "Policy for podcast fetcher Lambda function",
            "id": "arn:aws:iam::973172869961:policy/podcast-fetcher-lambda-policy",
            "name": "podcast-fetcher-lambda-policy",
            "name_prefix": "",
            "path": "/",
            "policy": "{\"Statement\":[{\"Action\":[\"logs:CreateLogGroup\",\"logs:CreateLogStream\",\"logs:PutLogEvents\"],\"Effect\":\"Allow\",\"Resource\":\"arn:aws:logs:*:*:*\"}],\"Version\":\"2012-10-17\"}",
            "policy_id": "ANPA6FFM7RNE4WIIFL7SX",
            "tags": {},
            "tags_all": {}
          },
          "sensitive_attributes": [],
          "private": "bnVsbA=="
        }
      ]
    },
    {
      "mode": "managed",
      "type": "aws_iam_role",
      "name": "lambda_exec",
      "provider": "provider[\"registry.terraform.io/hashicorp/aws\"]",
      "instances": [
        {
          "schema_version": 0,
          "attributes": {
            "arn": "arn:aws:iam::973172869961:role/podcast-fetcher-lambda-role",
            "assume_role_policy": "{\"Statement\":[{\"Action\":\"sts:AssumeRole\",\"Effect\":\"Allow\",\"Principal\":{\"Service\":\"lambda.amazonaws.com\"}}],\"Version\":\"2012-10-17\"}",
            "create_date": "2025-09-05T17:57:10Z",
            "description": "",
            "force_detach_policies": false,
            "id": "podcast-fetcher-lambda-role",
            "inline_policy": [],
            "managed_policy_arns": [
              "arn:aws:iam::973172869961:policy/podcast-fetcher-lambda-policy",
              "arn:aws:iam::aws:policy/service-role/AWSLambdaBasicExecutionRole"
            ],
            "max_session_duration": 3600,
            "name": "podcast-fetcher-lambda-role",
            "name_prefix": "",
            "path": "/",
            "permissions_boundary": "",
            "tags": {},
            "tags_all": {},
            "unique_id": "AROA6FFM7RNE2STVQXENV"
          },
          "sensitive_attributes": [],
          "private": "bnVsbA=="
        }
      ]
    },
    {
      "mode": "managed",
      "type": "aws_iam_role_policy_attachment",
      "name": "lambda_basic",
      "provider": "provider[\"registry.terraform.io/hashicorp/aws\"]",
      "instances": [
        {
          "schema_version": 0,
          "attributes": {
            "id": "podcast-fetcher-lambda-role/arn:aws:iam::aws:policy/service-role/AWSLambdaBasicExecutionRole",
            "policy_arn": "arn:aws:iam::aws:policy/service-role/AWSLambdaBasicExecutionRole",
            "role": "podcast-fetcher-lambda-role"
          },
          "sensitive_attributes": [],
          "private": "bnVsbA==",
          "dependencies": [
            "aws_iam_role.lambda_exec"
          ]
        }
      ]
    },
    {
      "mode": "managed",
      "type": "aws_iam_role_policy_attachment",
      "name": "lambda_custom",
      "provider": "provider[\"registry.terraform.io/hashicorp/aws\"]",
      "instances": [
        {
          "schema_version": 0,
          "attributes": {
            "id": "podcast-fetcher-lambda-role/arn:aws:iam::973172869961:policy/podcast-fetcher-lambda-policy",
            "policy_arn": "arn:aws:iam::973172869961:policy/podcast-fetcher-lambda-policy",
            "role": "podcast-fetcher-lambda-role"
          },
          "sensitive_attributes": [],
          "private": "bnVsbA==",
          "dependencies": [
            "aws_iam_policy.lambda_policy",
            "aws_iam_role.lambda_exec"
          ]
        }
      ]
    },
    {
      "mode": "managed",
      "type": "aws_lambda_function",
      "name": "podcast_fetcher",
      "provider": "provider[\"registry.terraform.io/hashicorp/aws\"]",
      "instances": [
        {
          "schema_version": 0,
          "attributes": {
            "architectures": [
              "x86_64"
            ],
            "arn": "arn:aws:lambda:us-east-1:973172869961:function:podcast-fetcher",
            "code_sha256": "eZmmLj3WplkCiPvG8dEp0WCyzgD/QzE9UFDalrj+/Ew=",
            "code_signing_config_arn": "",
            "dead_letter_config": [],
            "description": "",
            "environment": [
              {
                "variables": {
                  "PYTHONPATH": "/var/task"
                }
              }
            ],
            "ephemeral_storage": [
              {
                "size": 512
              }
            ],
            "file_system_config": [],
            "filename": "./lambda_function.zip",
            "function_name": "podcast-fetcher",
            "handler": "lambda_function.lambda_handler",
            "id": "podcast-fetcher",
            "image_config": [],
            "image_uri": "",
            "invoke_arn": "arn:aws:apigateway:us-east-1:lambda:path/2015-03-31/functions/arn:aws:lambda:us-east-1:973172869961:function:podcast-fetcher/invocations",
            "kms_key_arn": "",
            "last_modified": "2025-09-06T22:42:42.000+0000",
            "layers": [],
            "logging_config": [
              {
                "application_log_level": "",
                "log_format": "Text",
                "log_group": "/aws/lambda/podcast-fetcher",
                "system_log_level": ""
              }
            ],
            "memory_size": 256,
            "package_type": "Zip",
            "publish": false,
            "qualified_arn": "arn:aws:lambda:us-east-1:973172869961:function:podcast-fetcher:$LATEST",
            "qualified_invoke_arn": "arn:aws:apigateway:us-east-1:lambda:path/2015-03-31/functions/arn:aws:lambda:us-east-1:973172869961:function:podcast-fetcher:$LATEST/invocations",
            "region": "us-east-1",
            "replace_security_groups_on_destroy": null,
            "replacement_security_group_ids": null,
            "reserved_concurrent_executions": -1,
            "role": "arn:aws:iam::973172869961:role/podcast-fetcher-lambda-role",
            "runtime": "python3.9",
            "s3_bucket": null,
            "s3_key": null,
            "s3_object_version": null,
            "signing_job_arn": "",
            "signing_profile_version_arn": "",
            "skip_destroy": false,
            "snap_start": [],
            "source_code_hash": "eZmmLj3WplkCiPvG8dEp0WCyzgD/QzE9UFDalrj+/Ew=",
            "source_code_size": 20334507,
            "source_kms_key_arn": "",
            "tags": {},
            "tags_all": {},
            "timeout": 300,
            "timeouts": null,
            "tracing_config": [
              {
                "mode": "PassThrough"
              }
            ],
            "version": "$LATEST",
            "vpc_config": []
          },
          "sensitive_attributes": [],
          "private": "eyJlMmJmYjczMC1lY2FhLTExZTYtOGY4OC0zNDM2M2JjN2M0YzAiOnsiY3JlYXRlIjo2MDAwMDAwMDAwMDAsImRlbGV0ZSI6NjAwMDAwMDAwMDAwLCJ1cGRhdGUiOjYwMDAwMDAwMDAwMH19",
          "dependencies": [
            "aws_iam_role.lambda_exec",
            "data.archive_file.lambda_zip",
            "null_resource.prepare_lambda_package"
          ]
        }
      ]
    },
    {
      "mode": "managed",
      "type": "aws_lambda_permission",
      "name": "allow_cloudwatch",
      "provider": "provider[\"registry.terraform.io/hashicorp/aws\"]",
      "instances": [
        {
          "schema_version": 0,
          "attributes": {
            "action": "lambda:InvokeFunction",
            "event_source_token": null,
            "function_name": "podcast-fetcher",
            "function_url_auth_type": null,
            "id": "AllowExecutionFromCloudWatch",
            "principal": "events.amazonaws.com",
            "principal_org_id": null,
            "qualifier": "",
            "region": "us-east-1",
            "source_account": null,
            "source_arn": "arn:aws:events:us-east-1:973172869961:rule/podcast-fetcher-hourly",
            "statement_id": "AllowExecutionFromCloudWatch",
            "statement_id_prefix": ""
          },
          "sensitive_attributes": [],
          "private": "bnVsbA==",
          "dependencies": [
            "aws_cloudwatch_event_rule.hourly_schedule",
            "aws_iam_role.lambda_exec",
            "aws_lambda_function.podcast_fetcher",
            "data.archive_file.lambda_zip",
            "null_resource.prepare_lambda_package"
          ]
        }
      ]
    },
    {
      "mode": "managed",
      "type": "null_resource",
      "name": "prepare_lambda_package",
      "provider": "provider[\"registry.terraform.io/hashicorp/null\"]",
      "instances": [
        {
          "schema_version": 0,
          "attributes": {
            "id": "8335656082194915532",
            "triggers": {
              "requirements": "67086edb6b1cd7c84c045049be4436fc",
              "source_code": "1d1dbc692e6a6abd35ed807770db3d062d8d70daf4ec59da165f6ebdb0d86a2e5cb2597d9f82cee3a4a280fd8cb8b870986f1d03127c8b1dd63a5c08f26102e4c84a102b6975928cfc704a1000156aeb122201c575b700789fc178bb1f2d5b565f7287f390cc03d72279e563d016cd0d6c89db72abe21b36aa12833040dcb9e57b1d3e5c758ad6f4426288e24fe366a51a40530d30ead1961e027ec080b431d648dc8d4beb97ced05bddd39a10fd52131d1dbc692e6a6abd35ed807770db3d062d8d70daf4ec59da165f6ebdb0d86a2e5cb2597d9f82cee3a4a280fd8cb8b870986f1d03127c8b1dd63a5c08f26102e4c84a102b6975928cfc704a1000156aeb122201c575b700789fc178bb1f2d5b565f7287f390cc03d72279e563d016cd0d6c89db72abe21b36aa12833040dcb9e57b1d3e5c758ad6f4426288e24fe366a51a40530d30ead1961e027ec080b431d648dc8d4beb97ced05bddd39a10fd52135ac5ce34a2f3cdb23a75784d9731bc7b1d1dbc692e6a6abd35ed807770db3d062d8d70daf4ec59da165f6ebdb0d86a2e5cb2597d9f82cee3a4a280fd8cb8b870986f1d03127c8b1dd63a5c08f26102e4c84a102b6975928cfc704a1000156aeb122201c575b700789fc178bb1f2d5b565f7287f390cc03d72279e563d016cd0d6c89db72abe21b36aa12833040dcb9e57b1d3e5c758ad6f4426288e24fe366a51a40530d30ead1961e027ec080b431d648dc8d4beb97ced05bddd39a10fd52133844642c832052be608a0e94fd139213"
            }
          },
          "sensitive_attributes": []
        }
      ]
    }
  ],
  "check_results": null
}
